// !$*UTF8*$!
{
	archiveVersion = 1;
	classes = {
	};
	objectVersion = 46;
	objects = {

/* Begin PBXBuildFile section */
		C705AC2B173AAA21000F92AB /* PaymentViewController.m in Sources */ = {isa = PBXBuildFile; fileRef = C705AC2A173AAA21000F92AB /* PaymentViewController.m */; };
		C705AC2F173AB4BB000F92AB /* Figure8.sphero in Resources */ = {isa = PBXBuildFile; fileRef = C705AC2C173AB4BB000F92AB /* Figure8.sphero */; };
		C705AC30173AB4BB000F92AB /* rainbow.sphero in Resources */ = {isa = PBXBuildFile; fileRef = C705AC2D173AB4BB000F92AB /* rainbow.sphero */; };
		C705AC31173AB4BB000F92AB /* Square.sphero in Resources */ = {isa = PBXBuildFile; fileRef = C705AC2E173AB4BB000F92AB /* Square.sphero */; };
		C7097D82173963CE00F504D8 /* slider_left.png in Resources */ = {isa = PBXBuildFile; fileRef = C7097D81173963CE00F504D8 /* slider_left.png */; };
		C72CA9A1171F0E2C00CE605A /* ValidateSlidingViewController.m in Sources */ = {isa = PBXBuildFile; fileRef = C72CA9A0171F0E2C00CE605A /* ValidateSlidingViewController.m */; };
		C73BD91A1739C99F00D0D11F /* CircularDriveViewController.m in Sources */ = {isa = PBXBuildFile; fileRef = C73BD9191739C99F00D0D11F /* CircularDriveViewController.m */; };
		C73D7CA017186F8400C2A741 /* UIKit.framework in Frameworks */ = {isa = PBXBuildFile; fileRef = C73D7C9F17186F8400C2A741 /* UIKit.framework */; };
		C73D7CA217186F8400C2A741 /* Foundation.framework in Frameworks */ = {isa = PBXBuildFile; fileRef = C73D7CA117186F8400C2A741 /* Foundation.framework */; };
		C73D7CA417186F8400C2A741 /* CoreGraphics.framework in Frameworks */ = {isa = PBXBuildFile; fileRef = C73D7CA317186F8400C2A741 /* CoreGraphics.framework */; };
		C73D7CAA17186F8400C2A741 /* InfoPlist.strings in Resources */ = {isa = PBXBuildFile; fileRef = C73D7CA817186F8400C2A741 /* InfoPlist.strings */; };
		C73D7CAC17186F8400C2A741 /* main.m in Sources */ = {isa = PBXBuildFile; fileRef = C73D7CAB17186F8400C2A741 /* main.m */; };
		C73D7CB017186F8400C2A741 /* SpheroPlayAppDelegate.m in Sources */ = {isa = PBXBuildFile; fileRef = C73D7CAF17186F8400C2A741 /* SpheroPlayAppDelegate.m */; };
		C73D7CB917186F8400C2A741 /* MainStoryboard.storyboard in Resources */ = {isa = PBXBuildFile; fileRef = C73D7CB717186F8400C2A741 /* MainStoryboard.storyboard */; };
		C73D7CC31718704B00C2A741 /* piggy.jpg in Resources */ = {isa = PBXBuildFile; fileRef = C73D7CC21718704B00C2A741 /* piggy.jpg */; };
		C73D7CC5171870B200C2A741 /* dollar.jpg in Resources */ = {isa = PBXBuildFile; fileRef = C73D7CC4171870B200C2A741 /* dollar.jpg */; };
		C747CC26171E13E20034FD8F /* QuartzCore.framework in Frameworks */ = {isa = PBXBuildFile; fileRef = C747CC25171E13E20034FD8F /* QuartzCore.framework */; };
		C748E8311729ECD1003A370C /* CalibrateSphero.png in Resources */ = {isa = PBXBuildFile; fileRef = C748E8301729ECD1003A370C /* CalibrateSphero.png */; };
		C74B7C25171EB1B000E19FCD /* ForSlidingViewController.m in Sources */ = {isa = PBXBuildFile; fileRef = C74B7C24171EB1B000E19FCD /* ForSlidingViewController.m */; };
		C74B7C28171EB96D00E19FCD /* red_slider.png in Resources */ = {isa = PBXBuildFile; fileRef = C74B7C26171EB96D00E19FCD /* red_slider.png */; };
		C74B7C29171EB96D00E19FCD /* blue_slider.png in Resources */ = {isa = PBXBuildFile; fileRef = C74B7C27171EB96D00E19FCD /* blue_slider.png */; };
		C74B7C2B171EBB7800E19FCD /* dollar_sign.gif in Resources */ = {isa = PBXBuildFile; fileRef = C74B7C2A171EBB7800E19FCD /* dollar_sign.gif */; };
		C766752B17275FDD00D4D528 /* JoystickPuck.png in Resources */ = {isa = PBXBuildFile; fileRef = C766752917275FDD00D4D528 /* JoystickPuck.png */; };
		C766752C17275FDD00D4D528 /* JoystickBG.png in Resources */ = {isa = PBXBuildFile; fileRef = C766752A17275FDD00D4D528 /* JoystickBG.png */; };
		C76675361727625100D4D528 /* CircularUIView.m in Sources */ = {isa = PBXBuildFile; fileRef = C76675351727624A00D4D528 /* CircularUIView.m */; };
		C7667539172767D300D4D528 /* ForSpendingViewController.m in Sources */ = {isa = PBXBuildFile; fileRef = C7667538172767D300D4D528 /* ForSpendingViewController.m */; };
		C766753D17276CB500D4D528 /* ForFunViewController.m in Sources */ = {isa = PBXBuildFile; fileRef = C766753C17276CB500D4D528 /* ForFunViewController.m */; };
		C7847FDA17392E2500805C6A /* cloud_background.jpg in Resources */ = {isa = PBXBuildFile; fileRef = C7847FD917392E2500805C6A /* cloud_background.jpg */; };
		C7847FDC17392F3100805C6A /* button_large.png in Resources */ = {isa = PBXBuildFile; fileRef = C7847FDB17392F3100805C6A /* button_large.png */; };
		C7847FDE17392F7000805C6A /* button_medium.png in Resources */ = {isa = PBXBuildFile; fileRef = C7847FDD17392F7000805C6A /* button_medium.png */; };
		C7847FEB17392FA900805C6A /* dir_bottom.png in Resources */ = {isa = PBXBuildFile; fileRef = C7847FDF17392FA800805C6A /* dir_bottom.png */; };
		C7847FEC17392FA900805C6A /* dir_bottomleft.png in Resources */ = {isa = PBXBuildFile; fileRef = C7847FE017392FA800805C6A /* dir_bottomleft.png */; };
		C7847FED17392FA900805C6A /* dir_bottomright.png in Resources */ = {isa = PBXBuildFile; fileRef = C7847FE117392FA800805C6A /* dir_bottomright.png */; };
		C7847FEE17392FA900805C6A /* dir_center.png in Resources */ = {isa = PBXBuildFile; fileRef = C7847FE217392FA800805C6A /* dir_center.png */; };
		C7847FEF17392FA900805C6A /* dir_left.png in Resources */ = {isa = PBXBuildFile; fileRef = C7847FE317392FA800805C6A /* dir_left.png */; };
		C7847FF017392FA900805C6A /* dir_right.png in Resources */ = {isa = PBXBuildFile; fileRef = C7847FE417392FA800805C6A /* dir_right.png */; };
		C7847FF117392FA900805C6A /* dir_top.png in Resources */ = {isa = PBXBuildFile; fileRef = C7847FE517392FA800805C6A /* dir_top.png */; };
		C7847FF217392FA900805C6A /* dir_topleft.png in Resources */ = {isa = PBXBuildFile; fileRef = C7847FE617392FA800805C6A /* dir_topleft.png */; };
		C7847FF317392FA900805C6A /* dir_topright.png in Resources */ = {isa = PBXBuildFile; fileRef = C7847FE717392FA900805C6A /* dir_topright.png */; };
		C7847FF417392FA900805C6A /* icon_fun.png in Resources */ = {isa = PBXBuildFile; fileRef = C7847FE817392FA900805C6A /* icon_fun.png */; };
		C7847FF517392FA900805C6A /* icon_save.png in Resources */ = {isa = PBXBuildFile; fileRef = C7847FE917392FA900805C6A /* icon_save.png */; };
		C7847FF617392FA900805C6A /* icon_spend.png in Resources */ = {isa = PBXBuildFile; fileRef = C7847FEA17392FA900805C6A /* icon_spend.png */; };
		C7847FFA1739320800805C6A /* slider_indicator.png in Resources */ = {isa = PBXBuildFile; fileRef = C7847FF71739320800805C6A /* slider_indicator.png */; };
		C7847FFC1739320800805C6A /* slider_right.png in Resources */ = {isa = PBXBuildFile; fileRef = C7847FF91739320800805C6A /* slider_right.png */; };
		C7848002173936BE00805C6A /* left_arrow.png in Resources */ = {isa = PBXBuildFile; fileRef = C7847FFD173936BE00805C6A /* left_arrow.png */; };
		C7848003173936BE00805C6A /* logo.png in Resources */ = {isa = PBXBuildFile; fileRef = C7847FFE173936BE00805C6A /* logo.png */; };
		C7848004173936BE00805C6A /* right_arrow.png in Resources */ = {isa = PBXBuildFile; fileRef = C7847FFF173936BE00805C6A /* right_arrow.png */; };
		C7848005173936BE00805C6A /* shake_left.png in Resources */ = {isa = PBXBuildFile; fileRef = C7848000173936BE00805C6A /* shake_left.png */; };
		C7848006173936BE00805C6A /* shake_right.png in Resources */ = {isa = PBXBuildFile; fileRef = C7848001173936BE00805C6A /* shake_right.png */; };
		C793AE73172709CA00B9AAED /* green_check.png in Resources */ = {isa = PBXBuildFile; fileRef = C793AE72172709CA00B9AAED /* green_check.png */; };
		C79DC0DF1727151E00EB5EFE /* ConfirmationSlideViewController.m in Sources */ = {isa = PBXBuildFile; fileRef = C79DC0DE1727151E00EB5EFE /* ConfirmationSlideViewController.m */; };
		C79F0E5417308FF9001168AF /* success.sphero in Resources */ = {isa = PBXBuildFile; fileRef = C79F0E5217308FF9001168AF /* success.sphero */; };
		C7ADEB24173AC5C0007D80DB /* splash_page.png in Resources */ = {isa = PBXBuildFile; fileRef = C7ADEB23173AC5C0007D80DB /* splash_page.png */; };
		C7ADEB26173AC5DA007D80DB /* Default-568h@2x.png in Resources */ = {isa = PBXBuildFile; fileRef = C7ADEB25173AC5DA007D80DB /* Default-568h@2x.png */; };
		C7ADEB2A173AC607007D80DB /* Default.png in Resources */ = {isa = PBXBuildFile; fileRef = C7ADEB29173AC607007D80DB /* Default.png */; };
		C7ADEB2B173AC60E007D80DB /* Default@2x.png in Resources */ = {isa = PBXBuildFile; fileRef = C7ADEB27173AC5E5007D80DB /* Default@2x.png */; };
		C7BF3D8F1728402000B49BA7 /* light_gray_bg.png in Resources */ = {isa = PBXBuildFile; fileRef = C7BF3D8E1728402000B49BA7 /* light_gray_bg.png */; };
		C7D12CDA1719C5C800C9E920 /* HomeTableViewController.m in Sources */ = {isa = PBXBuildFile; fileRef = C7D12CD91719C5C800C9E920 /* HomeTableViewController.m */; };
		C7D46C15173440E500771934 /* ArcadeModeViewController.m in Sources */ = {isa = PBXBuildFile; fileRef = C7D46C14173440E500771934 /* ArcadeModeViewController.m */; };
		C7D46C181734458500771934 /* arcade_slot.png in Resources */ = {isa = PBXBuildFile; fileRef = C7D46C161734458500771934 /* arcade_slot.png */; };
		C7D46C191734458500771934 /* quarter.png in Resources */ = {isa = PBXBuildFile; fileRef = C7D46C171734458500771934 /* quarter.png */; };
		C7D46C1B17344E7900771934 /* Flip.sphero in Resources */ = {isa = PBXBuildFile; fileRef = C7D46C1A17344E7900771934 /* Flip.sphero */; };
		C7D46C1D1734521500771934 /* spin.sphero in Resources */ = {isa = PBXBuildFile; fileRef = C7D46C1C1734521500771934 /* spin.sphero */; };
		C7E83FEE173980010018850D /* button_small.png in Resources */ = {isa = PBXBuildFile; fileRef = C7E83FED173980010018850D /* button_small.png */; };
		C7E83FF2173981370018850D /* textbox_full.png in Resources */ = {isa = PBXBuildFile; fileRef = C7E83FEF173981370018850D /* textbox_full.png */; };
		C7E83FF3173981370018850D /* textbox_half.png in Resources */ = {isa = PBXBuildFile; fileRef = C7E83FF0173981370018850D /* textbox_half.png */; };
		C7E83FF4173981370018850D /* textbox_third.png in Resources */ = {isa = PBXBuildFile; fileRef = C7E83FF1173981370018850D /* textbox_third.png */; };
		C7F332091727820900416759 /* RobotKit.framework in Frameworks */ = {isa = PBXBuildFile; fileRef = C7F332071727820900416759 /* RobotKit.framework */; };
		C7F3320A1727820900416759 /* RobotUIKit.framework in Frameworks */ = {isa = PBXBuildFile; fileRef = C7F332081727820900416759 /* RobotUIKit.framework */; };
		C7F3320C1727822000416759 /* CoreMotion.framework in Frameworks */ = {isa = PBXBuildFile; fileRef = C7F3320B1727822000416759 /* CoreMotion.framework */; };
		C7F3320E1727822A00416759 /* GameKit.framework in Frameworks */ = {isa = PBXBuildFile; fileRef = C7F3320D1727822A00416759 /* GameKit.framework */; };
		C7F332101727823700416759 /* ExternalAccessory.framework in Frameworks */ = {isa = PBXBuildFile; fileRef = C7F3320F1727823700416759 /* ExternalAccessory.framework */; };
		C7F332141727895600416759 /* RobotUIKit.bundle in Resources */ = {isa = PBXBuildFile; fileRef = C7F332131727895600416759 /* RobotUIKit.bundle */; };
		C7F7DDCF171DF01A00BD4A77 /* colors.txt in Resources */ = {isa = PBXBuildFile; fileRef = C7F7DDCE171DF01A00BD4A77 /* colors.txt */; };
		C7F7F4691732DF3500ED007E /* fail.sphero in Resources */ = {isa = PBXBuildFile; fileRef = C7F7F4681732DF3500ED007E /* fail.sphero */; };
		C7F7F46B1732E0BC00ED007E /* coins.mp3 in Resources */ = {isa = PBXBuildFile; fileRef = C7F7F46A1732E0BC00ED007E /* coins.mp3 */; };
		C7F7F46E1732E11500ED007E /* PiggyBankViewController.m in Sources */ = {isa = PBXBuildFile; fileRef = C7F7F46D1732E11500ED007E /* PiggyBankViewController.m */; };
		C7F7F4741732E6DB00ED007E /* AVFoundation.framework in Frameworks */ = {isa = PBXBuildFile; fileRef = C7F7F4731732E6DB00ED007E /* AVFoundation.framework */; };
		C7F7F4761732EAC100ED007E /* AudioToolbox.framework in Frameworks */ = {isa = PBXBuildFile; fileRef = C7F7F4751732EAC100ED007E /* AudioToolbox.framework */; };
/* End PBXBuildFile section */

/* Begin PBXFileReference section */
		C705AC29173AAA21000F92AB /* PaymentViewController.h */ = {isa = PBXFileReference; fileEncoding = 4; lastKnownFileType = sourcecode.c.h; path = PaymentViewController.h; sourceTree = "<group>"; };
		C705AC2A173AAA21000F92AB /* PaymentViewController.m */ = {isa = PBXFileReference; fileEncoding = 4; lastKnownFileType = sourcecode.c.objc; path = PaymentViewController.m; sourceTree = "<group>"; };
		C705AC2C173AB4BB000F92AB /* Figure8.sphero */ = {isa = PBXFileReference; lastKnownFileType = file; path = Figure8.sphero; sourceTree = "<group>"; };
		C705AC2D173AB4BB000F92AB /* rainbow.sphero */ = {isa = PBXFileReference; lastKnownFileType = file; path = rainbow.sphero; sourceTree = "<group>"; };
		C705AC2E173AB4BB000F92AB /* Square.sphero */ = {isa = PBXFileReference; lastKnownFileType = file; path = Square.sphero; sourceTree = "<group>"; };
		C7097D81173963CE00F504D8 /* slider_left.png */ = {isa = PBXFileReference; lastKnownFileType = image.png; path = slider_left.png; sourceTree = "<group>"; };
		C72CA99F171F0E2C00CE605A /* ValidateSlidingViewController.h */ = {isa = PBXFileReference; fileEncoding = 4; lastKnownFileType = sourcecode.c.h; path = ValidateSlidingViewController.h; sourceTree = "<group>"; };
		C72CA9A0171F0E2C00CE605A /* ValidateSlidingViewController.m */ = {isa = PBXFileReference; fileEncoding = 4; lastKnownFileType = sourcecode.c.objc; path = ValidateSlidingViewController.m; sourceTree = "<group>"; };
		C73BD9181739C99F00D0D11F /* CircularDriveViewController.h */ = {isa = PBXFileReference; fileEncoding = 4; lastKnownFileType = sourcecode.c.h; path = CircularDriveViewController.h; sourceTree = "<group>"; };
		C73BD9191739C99F00D0D11F /* CircularDriveViewController.m */ = {isa = PBXFileReference; fileEncoding = 4; lastKnownFileType = sourcecode.c.objc; path = CircularDriveViewController.m; sourceTree = "<group>"; };
		C73D7C9C17186F8400C2A741 /* SpheroPlay.app */ = {isa = PBXFileReference; explicitFileType = wrapper.application; includeInIndex = 0; path = SpheroPlay.app; sourceTree = BUILT_PRODUCTS_DIR; };
		C73D7C9F17186F8400C2A741 /* UIKit.framework */ = {isa = PBXFileReference; lastKnownFileType = wrapper.framework; name = UIKit.framework; path = System/Library/Frameworks/UIKit.framework; sourceTree = SDKROOT; };
		C73D7CA117186F8400C2A741 /* Foundation.framework */ = {isa = PBXFileReference; lastKnownFileType = wrapper.framework; name = Foundation.framework; path = System/Library/Frameworks/Foundation.framework; sourceTree = SDKROOT; };
		C73D7CA317186F8400C2A741 /* CoreGraphics.framework */ = {isa = PBXFileReference; lastKnownFileType = wrapper.framework; name = CoreGraphics.framework; path = System/Library/Frameworks/CoreGraphics.framework; sourceTree = SDKROOT; };
		C73D7CA717186F8400C2A741 /* SpheroPlay-Info.plist */ = {isa = PBXFileReference; lastKnownFileType = text.plist.xml; path = "SpheroPlay-Info.plist"; sourceTree = "<group>"; };
		C73D7CA917186F8400C2A741 /* en */ = {isa = PBXFileReference; lastKnownFileType = text.plist.strings; name = en; path = en.lproj/InfoPlist.strings; sourceTree = "<group>"; };
		C73D7CAB17186F8400C2A741 /* main.m */ = {isa = PBXFileReference; lastKnownFileType = sourcecode.c.objc; path = main.m; sourceTree = "<group>"; };
		C73D7CAD17186F8400C2A741 /* SpheroPlay-Prefix.pch */ = {isa = PBXFileReference; lastKnownFileType = sourcecode.c.h; path = "SpheroPlay-Prefix.pch"; sourceTree = "<group>"; };
		C73D7CAE17186F8400C2A741 /* SpheroPlayAppDelegate.h */ = {isa = PBXFileReference; lastKnownFileType = sourcecode.c.h; path = SpheroPlayAppDelegate.h; sourceTree = "<group>"; };
		C73D7CAF17186F8400C2A741 /* SpheroPlayAppDelegate.m */ = {isa = PBXFileReference; lastKnownFileType = sourcecode.c.objc; path = SpheroPlayAppDelegate.m; sourceTree = "<group>"; };
		C73D7CB817186F8400C2A741 /* en */ = {isa = PBXFileReference; lastKnownFileType = file.storyboard; name = en; path = en.lproj/MainStoryboard.storyboard; sourceTree = "<group>"; };
		C73D7CC21718704B00C2A741 /* piggy.jpg */ = {isa = PBXFileReference; lastKnownFileType = image.jpeg; path = piggy.jpg; sourceTree = "<group>"; };
		C73D7CC4171870B200C2A741 /* dollar.jpg */ = {isa = PBXFileReference; lastKnownFileType = image.jpeg; path = dollar.jpg; sourceTree = "<group>"; };
		C747CC25171E13E20034FD8F /* QuartzCore.framework */ = {isa = PBXFileReference; lastKnownFileType = wrapper.framework; name = QuartzCore.framework; path = System/Library/Frameworks/QuartzCore.framework; sourceTree = SDKROOT; };
		C748E8301729ECD1003A370C /* CalibrateSphero.png */ = {isa = PBXFileReference; lastKnownFileType = image.png; name = CalibrateSphero.png; path = RobotUIKit.bundle/CalibrateSphero.png; sourceTree = "<group>"; };
		C74B7C23171EB1B000E19FCD /* ForSlidingViewController.h */ = {isa = PBXFileReference; fileEncoding = 4; lastKnownFileType = sourcecode.c.h; path = ForSlidingViewController.h; sourceTree = "<group>"; };
		C74B7C24171EB1B000E19FCD /* ForSlidingViewController.m */ = {isa = PBXFileReference; fileEncoding = 4; lastKnownFileType = sourcecode.c.objc; path = ForSlidingViewController.m; sourceTree = "<group>"; };
		C74B7C26171EB96D00E19FCD /* red_slider.png */ = {isa = PBXFileReference; lastKnownFileType = image.png; path = red_slider.png; sourceTree = "<group>"; };
		C74B7C27171EB96D00E19FCD /* blue_slider.png */ = {isa = PBXFileReference; lastKnownFileType = image.png; path = blue_slider.png; sourceTree = "<group>"; };
		C74B7C2A171EBB7800E19FCD /* dollar_sign.gif */ = {isa = PBXFileReference; lastKnownFileType = image.gif; path = dollar_sign.gif; sourceTree = "<group>"; };
		C766752917275FDD00D4D528 /* JoystickPuck.png */ = {isa = PBXFileReference; lastKnownFileType = image.png; path = JoystickPuck.png; sourceTree = "<group>"; };
		C766752A17275FDD00D4D528 /* JoystickBG.png */ = {isa = PBXFileReference; lastKnownFileType = image.png; path = JoystickBG.png; sourceTree = "<group>"; };
		C76675341727624A00D4D528 /* CircularUIView.h */ = {isa = PBXFileReference; lastKnownFileType = sourcecode.c.h; path = CircularUIView.h; sourceTree = "<group>"; };
		C76675351727624A00D4D528 /* CircularUIView.m */ = {isa = PBXFileReference; lastKnownFileType = sourcecode.c.objc; path = CircularUIView.m; sourceTree = "<group>"; };
		C7667537172767D300D4D528 /* ForSpendingViewController.h */ = {isa = PBXFileReference; fileEncoding = 4; lastKnownFileType = sourcecode.c.h; path = ForSpendingViewController.h; sourceTree = "<group>"; };
		C7667538172767D300D4D528 /* ForSpendingViewController.m */ = {isa = PBXFileReference; fileEncoding = 4; lastKnownFileType = sourcecode.c.objc; path = ForSpendingViewController.m; sourceTree = "<group>"; };
		C766753B17276CB500D4D528 /* ForFunViewController.h */ = {isa = PBXFileReference; fileEncoding = 4; lastKnownFileType = sourcecode.c.h; path = ForFunViewController.h; sourceTree = "<group>"; };
		C766753C17276CB500D4D528 /* ForFunViewController.m */ = {isa = PBXFileReference; fileEncoding = 4; lastKnownFileType = sourcecode.c.objc; path = ForFunViewController.m; sourceTree = "<group>"; };
		C7847FD917392E2500805C6A /* cloud_background.jpg */ = {isa = PBXFileReference; lastKnownFileType = image.jpeg; path = cloud_background.jpg; sourceTree = "<group>"; };
		C7847FDB17392F3100805C6A /* button_large.png */ = {isa = PBXFileReference; lastKnownFileType = image.png; path = button_large.png; sourceTree = "<group>"; };
		C7847FDD17392F7000805C6A /* button_medium.png */ = {isa = PBXFileReference; lastKnownFileType = image.png; path = button_medium.png; sourceTree = "<group>"; };
		C7847FDF17392FA800805C6A /* dir_bottom.png */ = {isa = PBXFileReference; lastKnownFileType = image.png; path = dir_bottom.png; sourceTree = "<group>"; };
		C7847FE017392FA800805C6A /* dir_bottomleft.png */ = {isa = PBXFileReference; lastKnownFileType = image.png; path = dir_bottomleft.png; sourceTree = "<group>"; };
		C7847FE117392FA800805C6A /* dir_bottomright.png */ = {isa = PBXFileReference; lastKnownFileType = image.png; path = dir_bottomright.png; sourceTree = "<group>"; };
		C7847FE217392FA800805C6A /* dir_center.png */ = {isa = PBXFileReference; lastKnownFileType = image.png; path = dir_center.png; sourceTree = "<group>"; };
		C7847FE317392FA800805C6A /* dir_left.png */ = {isa = PBXFileReference; lastKnownFileType = image.png; path = dir_left.png; sourceTree = "<group>"; };
		C7847FE417392FA800805C6A /* dir_right.png */ = {isa = PBXFileReference; lastKnownFileType = image.png; path = dir_right.png; sourceTree = "<group>"; };
		C7847FE517392FA800805C6A /* dir_top.png */ = {isa = PBXFileReference; lastKnownFileType = image.png; path = dir_top.png; sourceTree = "<group>"; };
		C7847FE617392FA800805C6A /* dir_topleft.png */ = {isa = PBXFileReference; lastKnownFileType = image.png; path = dir_topleft.png; sourceTree = "<group>"; };
		C7847FE717392FA900805C6A /* dir_topright.png */ = {isa = PBXFileReference; lastKnownFileType = image.png; path = dir_topright.png; sourceTree = "<group>"; };
		C7847FE817392FA900805C6A /* icon_fun.png */ = {isa = PBXFileReference; lastKnownFileType = image.png; path = icon_fun.png; sourceTree = "<group>"; };
		C7847FE917392FA900805C6A /* icon_save.png */ = {isa = PBXFileReference; lastKnownFileType = image.png; path = icon_save.png; sourceTree = "<group>"; };
		C7847FEA17392FA900805C6A /* icon_spend.png */ = {isa = PBXFileReference; lastKnownFileType = image.png; path = icon_spend.png; sourceTree = "<group>"; };
		C7847FF71739320800805C6A /* slider_indicator.png */ = {isa = PBXFileReference; lastKnownFileType = image.png; path = slider_indicator.png; sourceTree = "<group>"; };
		C7847FF91739320800805C6A /* slider_right.png */ = {isa = PBXFileReference; lastKnownFileType = image.png; path = slider_right.png; sourceTree = "<group>"; };
		C7847FFD173936BE00805C6A /* left_arrow.png */ = {isa = PBXFileReference; lastKnownFileType = image.png; path = left_arrow.png; sourceTree = "<group>"; };
		C7847FFE173936BE00805C6A /* logo.png */ = {isa = PBXFileReference; lastKnownFileType = image.png; path = logo.png; sourceTree = "<group>"; };
		C7847FFF173936BE00805C6A /* right_arrow.png */ = {isa = PBXFileReference; lastKnownFileType = image.png; path = right_arrow.png; sourceTree = "<group>"; };
		C7848000173936BE00805C6A /* shake_left.png */ = {isa = PBXFileReference; lastKnownFileType = image.png; path = shake_left.png; sourceTree = "<group>"; };
		C7848001173936BE00805C6A /* shake_right.png */ = {isa = PBXFileReference; lastKnownFileType = image.png; path = shake_right.png; sourceTree = "<group>"; };
		C793AE72172709CA00B9AAED /* green_check.png */ = {isa = PBXFileReference; lastKnownFileType = image.png; path = green_check.png; sourceTree = "<group>"; };
		C79DC0DD1727151E00EB5EFE /* ConfirmationSlideViewController.h */ = {isa = PBXFileReference; fileEncoding = 4; lastKnownFileType = sourcecode.c.h; path = ConfirmationSlideViewController.h; sourceTree = "<group>"; };
		C79DC0DE1727151E00EB5EFE /* ConfirmationSlideViewController.m */ = {isa = PBXFileReference; fileEncoding = 4; lastKnownFileType = sourcecode.c.objc; path = ConfirmationSlideViewController.m; sourceTree = "<group>"; };
		C79F0E5217308FF9001168AF /* success.sphero */ = {isa = PBXFileReference; lastKnownFileType = file; path = success.sphero; sourceTree = "<group>"; };
		C7ADEB23173AC5C0007D80DB /* splash_page.png */ = {isa = PBXFileReference; lastKnownFileType = image.png; path = splash_page.png; sourceTree = "<group>"; };
		C7ADEB25173AC5DA007D80DB /* Default-568h@2x.png */ = {isa = PBXFileReference; lastKnownFileType = image.png; name = "Default-568h@2x.png"; path = "../Default-568h@2x.png"; sourceTree = "<group>"; };
		C7ADEB27173AC5E5007D80DB /* Default@2x.png */ = {isa = PBXFileReference; lastKnownFileType = image.png; name = "Default@2x.png"; path = "../Default@2x.png"; sourceTree = "<group>"; };
		C7ADEB29173AC607007D80DB /* Default.png */ = {isa = PBXFileReference; lastKnownFileType = image.png; name = Default.png; path = ../Default.png; sourceTree = "<group>"; };
		C7BF3D8E1728402000B49BA7 /* light_gray_bg.png */ = {isa = PBXFileReference; lastKnownFileType = image.png; path = light_gray_bg.png; sourceTree = "<group>"; };
		C7D12CD81719C5C800C9E920 /* HomeTableViewController.h */ = {isa = PBXFileReference; fileEncoding = 4; lastKnownFileType = sourcecode.c.h; path = HomeTableViewController.h; sourceTree = "<group>"; };
		C7D12CD91719C5C800C9E920 /* HomeTableViewController.m */ = {isa = PBXFileReference; fileEncoding = 4; lastKnownFileType = sourcecode.c.objc; path = HomeTableViewController.m; sourceTree = "<group>"; };
		C7D46C13173440E500771934 /* ArcadeModeViewController.h */ = {isa = PBXFileReference; fileEncoding = 4; lastKnownFileType = sourcecode.c.h; path = ArcadeModeViewController.h; sourceTree = "<group>"; };
		C7D46C14173440E500771934 /* ArcadeModeViewController.m */ = {isa = PBXFileReference; fileEncoding = 4; lastKnownFileType = sourcecode.c.objc; path = ArcadeModeViewController.m; sourceTree = "<group>"; };
		C7D46C161734458500771934 /* arcade_slot.png */ = {isa = PBXFileReference; lastKnownFileType = image.png; path = arcade_slot.png; sourceTree = "<group>"; };
		C7D46C171734458500771934 /* quarter.png */ = {isa = PBXFileReference; lastKnownFileType = image.png; path = quarter.png; sourceTree = "<group>"; };
		C7D46C1A17344E7900771934 /* Flip.sphero */ = {isa = PBXFileReference; lastKnownFileType = file; path = Flip.sphero; sourceTree = "<group>"; };
		C7D46C1C1734521500771934 /* spin.sphero */ = {isa = PBXFileReference; lastKnownFileType = file; path = spin.sphero; sourceTree = "<group>"; };
		C7E83FED173980010018850D /* button_small.png */ = {isa = PBXFileReference; lastKnownFileType = image.png; path = button_small.png; sourceTree = "<group>"; };
		C7E83FEF173981370018850D /* textbox_full.png */ = {isa = PBXFileReference; lastKnownFileType = image.png; path = textbox_full.png; sourceTree = "<group>"; };
		C7E83FF0173981370018850D /* textbox_half.png */ = {isa = PBXFileReference; lastKnownFileType = image.png; path = textbox_half.png; sourceTree = "<group>"; };
		C7E83FF1173981370018850D /* textbox_third.png */ = {isa = PBXFileReference; lastKnownFileType = image.png; path = textbox_third.png; sourceTree = "<group>"; };
		C7F332071727820900416759 /* RobotKit.framework */ = {isa = PBXFileReference; lastKnownFileType = wrapper.framework; name = RobotKit.framework; path = "../Sphero-iOS-SDK/frameworks/RobotKit.framework"; sourceTree = "<group>"; };
		C7F332081727820900416759 /* RobotUIKit.framework */ = {isa = PBXFileReference; lastKnownFileType = wrapper.framework; name = RobotUIKit.framework; path = "../Sphero-iOS-SDK/frameworks/RobotUIKit.framework"; sourceTree = "<group>"; };
		C7F3320B1727822000416759 /* CoreMotion.framework */ = {isa = PBXFileReference; lastKnownFileType = wrapper.framework; name = CoreMotion.framework; path = System/Library/Frameworks/CoreMotion.framework; sourceTree = SDKROOT; };
		C7F3320D1727822A00416759 /* GameKit.framework */ = {isa = PBXFileReference; lastKnownFileType = wrapper.framework; name = GameKit.framework; path = System/Library/Frameworks/GameKit.framework; sourceTree = SDKROOT; };
		C7F3320F1727823700416759 /* ExternalAccessory.framework */ = {isa = PBXFileReference; lastKnownFileType = wrapper.framework; name = ExternalAccessory.framework; path = System/Library/Frameworks/ExternalAccessory.framework; sourceTree = SDKROOT; };
		C7F332131727895600416759 /* RobotUIKit.bundle */ = {isa = PBXFileReference; lastKnownFileType = "wrapper.plug-in"; name = RobotUIKit.bundle; path = SpheroPlay/RobotUIKit.bundle; sourceTree = "<group>"; };
		C7F7DDCE171DF01A00BD4A77 /* colors.txt */ = {isa = PBXFileReference; fileEncoding = 4; lastKnownFileType = text; name = colors.txt; path = SpheroPlay/colors.txt; sourceTree = "<group>"; };
		C7F7F4681732DF3500ED007E /* fail.sphero */ = {isa = PBXFileReference; lastKnownFileType = file; path = fail.sphero; sourceTree = "<group>"; };
		C7F7F46A1732E0BC00ED007E /* coins.mp3 */ = {isa = PBXFileReference; lastKnownFileType = audio.mp3; path = coins.mp3; sourceTree = "<group>"; };
		C7F7F46C1732E11500ED007E /* PiggyBankViewController.h */ = {isa = PBXFileReference; fileEncoding = 4; lastKnownFileType = sourcecode.c.h; path = PiggyBankViewController.h; sourceTree = "<group>"; };
		C7F7F46D1732E11500ED007E /* PiggyBankViewController.m */ = {isa = PBXFileReference; fileEncoding = 4; lastKnownFileType = sourcecode.c.objc; path = PiggyBankViewController.m; sourceTree = "<group>"; };
		C7F7F4731732E6DB00ED007E /* AVFoundation.framework */ = {isa = PBXFileReference; lastKnownFileType = wrapper.framework; name = AVFoundation.framework; path = System/Library/Frameworks/AVFoundation.framework; sourceTree = SDKROOT; };
		C7F7F4751732EAC100ED007E /* AudioToolbox.framework */ = {isa = PBXFileReference; lastKnownFileType = wrapper.framework; name = AudioToolbox.framework; path = System/Library/Frameworks/AudioToolbox.framework; sourceTree = SDKROOT; };
/* End PBXFileReference section */

/* Begin PBXFrameworksBuildPhase section */
		C73D7C9917186F8400C2A741 /* Frameworks */ = {
			isa = PBXFrameworksBuildPhase;
			buildActionMask = 2147483647;
			files = (
				C7F7F4761732EAC100ED007E /* AudioToolbox.framework in Frameworks */,
				C7F7F4741732E6DB00ED007E /* AVFoundation.framework in Frameworks */,
				C7F332091727820900416759 /* RobotKit.framework in Frameworks */,
				C7F3320A1727820900416759 /* RobotUIKit.framework in Frameworks */,
				C7F3320C1727822000416759 /* CoreMotion.framework in Frameworks */,
				C7F3320E1727822A00416759 /* GameKit.framework in Frameworks */,
				C7F332101727823700416759 /* ExternalAccessory.framework in Frameworks */,
				C747CC26171E13E20034FD8F /* QuartzCore.framework in Frameworks */,
				C73D7CA017186F8400C2A741 /* UIKit.framework in Frameworks */,
				C73D7CA217186F8400C2A741 /* Foundation.framework in Frameworks */,
				C73D7CA417186F8400C2A741 /* CoreGraphics.framework in Frameworks */,
			);
			runOnlyForDeploymentPostprocessing = 0;
		};
/* End PBXFrameworksBuildPhase section */

/* Begin PBXGroup section */
		C73D7C9317186F8400C2A741 = {
			isa = PBXGroup;
			children = (
				C73D7CA517186F8400C2A741 /* SpheroPlay */,
				C73D7C9E17186F8400C2A741 /* Frameworks */,
				C73D7C9D17186F8400C2A741 /* Products */,
				C7F7DDCE171DF01A00BD4A77 /* colors.txt */,
			);
			sourceTree = "<group>";
		};
		C73D7C9D17186F8400C2A741 /* Products */ = {
			isa = PBXGroup;
			children = (
				C73D7C9C17186F8400C2A741 /* SpheroPlay.app */,
			);
			name = Products;
			sourceTree = "<group>";
		};
		C73D7C9E17186F8400C2A741 /* Frameworks */ = {
			isa = PBXGroup;
			children = (
				C7F7F4751732EAC100ED007E /* AudioToolbox.framework */,
				C7F7F4731732E6DB00ED007E /* AVFoundation.framework */,
				C7F332131727895600416759 /* RobotUIKit.bundle */,
				C7F3320F1727823700416759 /* ExternalAccessory.framework */,
				C7F3320D1727822A00416759 /* GameKit.framework */,
				C7F3320B1727822000416759 /* CoreMotion.framework */,
				C7F332071727820900416759 /* RobotKit.framework */,
				C7F332081727820900416759 /* RobotUIKit.framework */,
				C747CC25171E13E20034FD8F /* QuartzCore.framework */,
				C73D7C9F17186F8400C2A741 /* UIKit.framework */,
				C73D7CA117186F8400C2A741 /* Foundation.framework */,
				C73D7CA317186F8400C2A741 /* CoreGraphics.framework */,
			);
			name = Frameworks;
			sourceTree = "<group>";
		};
		C73D7CA517186F8400C2A741 /* SpheroPlay */ = {
			isa = PBXGroup;
			children = (
				C73D7CB717186F8400C2A741 /* MainStoryboard.storyboard */,
				C73D7CAE17186F8400C2A741 /* SpheroPlayAppDelegate.h */,
				C73D7CAF17186F8400C2A741 /* SpheroPlayAppDelegate.m */,
				C73D7CCD1718760300C2A741 /* SpheroClasses */,
				C73D7CC91718733400C2A741 /* Controllers */,
				C73D7CA617186F8400C2A741 /* Supporting Files */,
			);
			path = SpheroPlay;
			sourceTree = "<group>";
		};
		C73D7CA617186F8400C2A741 /* Supporting Files */ = {
			isa = PBXGroup;
			children = (
				C7F7F46A1732E0BC00ED007E /* coins.mp3 */,
				C73D7CCE1718763400C2A741 /* Images */,
				C73D7CA717186F8400C2A741 /* SpheroPlay-Info.plist */,
				C73D7CA817186F8400C2A741 /* InfoPlist.strings */,
				C73D7CAB17186F8400C2A741 /* main.m */,
				C73D7CAD17186F8400C2A741 /* SpheroPlay-Prefix.pch */,
			);
			name = "Supporting Files";
			sourceTree = "<group>";
		};
		C73D7CC91718733400C2A741 /* Controllers */ = {
			isa = PBXGroup;
			children = (
				C766752D1727601900D4D528 /* ForSaving */,
				C766752E1727602B00D4D528 /* ForSpending */,
				C766753A17276CA100D4D528 /* ForFun */,
				C7D12CD81719C5C800C9E920 /* HomeTableViewController.h */,
				C7D12CD91719C5C800C9E920 /* HomeTableViewController.m */,
			);
			name = Controllers;
			sourceTree = "<group>";
		};
		C73D7CCD1718760300C2A741 /* SpheroClasses */ = {
			isa = PBXGroup;
			children = (
				C705AC2C173AB4BB000F92AB /* Figure8.sphero */,
				C705AC2D173AB4BB000F92AB /* rainbow.sphero */,
				C705AC2E173AB4BB000F92AB /* Square.sphero */,
				C7D46C1C1734521500771934 /* spin.sphero */,
				C7D46C1A17344E7900771934 /* Flip.sphero */,
				C79F0E5217308FF9001168AF /* success.sphero */,
				C7F7F4681732DF3500ED007E /* fail.sphero */,
				C76675341727624A00D4D528 /* CircularUIView.h */,
				C76675351727624A00D4D528 /* CircularUIView.m */,
			);
			name = SpheroClasses;
			sourceTree = "<group>";
		};
		C73D7CCE1718763400C2A741 /* Images */ = {
			isa = PBXGroup;
			children = (
				C7ADEB29173AC607007D80DB /* Default.png */,
				C7ADEB27173AC5E5007D80DB /* Default@2x.png */,
				C7ADEB25173AC5DA007D80DB /* Default-568h@2x.png */,
				C7ADEB23173AC5C0007D80DB /* splash_page.png */,
				C7D46C161734458500771934 /* arcade_slot.png */,
				C7D46C171734458500771934 /* quarter.png */,
				C748E8301729ECD1003A370C /* CalibrateSphero.png */,
				C7847FFD173936BE00805C6A /* left_arrow.png */,
				C7847FFE173936BE00805C6A /* logo.png */,
				C7847FFF173936BE00805C6A /* right_arrow.png */,
				C7848000173936BE00805C6A /* shake_left.png */,
				C7848001173936BE00805C6A /* shake_right.png */,
				C7847FDF17392FA800805C6A /* dir_bottom.png */,
				C7847FE017392FA800805C6A /* dir_bottomleft.png */,
				C7847FE117392FA800805C6A /* dir_bottomright.png */,
				C7847FE217392FA800805C6A /* dir_center.png */,
				C7847FE317392FA800805C6A /* dir_left.png */,
				C7847FE417392FA800805C6A /* dir_right.png */,
				C7847FE517392FA800805C6A /* dir_top.png */,
				C7847FE617392FA800805C6A /* dir_topleft.png */,
				C7847FE717392FA900805C6A /* dir_topright.png */,
				C7847FF71739320800805C6A /* slider_indicator.png */,
				C7097D81173963CE00F504D8 /* slider_left.png */,
				C7847FF91739320800805C6A /* slider_right.png */,
				C7847FE817392FA900805C6A /* icon_fun.png */,
				C7847FE917392FA900805C6A /* icon_save.png */,
				C7847FEA17392FA900805C6A /* icon_spend.png */,
				C7E83FED173980010018850D /* button_small.png */,
				C7847FDB17392F3100805C6A /* button_large.png */,
				C7847FDD17392F7000805C6A /* button_medium.png */,
				C7E83FEF173981370018850D /* textbox_full.png */,
				C7E83FF0173981370018850D /* textbox_half.png */,
				C7E83FF1173981370018850D /* textbox_third.png */,
				C7847FD917392E2500805C6A /* cloud_background.jpg */,
				C7BF3D8E1728402000B49BA7 /* light_gray_bg.png */,
				C766752917275FDD00D4D528 /* JoystickPuck.png */,
				C766752A17275FDD00D4D528 /* JoystickBG.png */,
				C793AE72172709CA00B9AAED /* green_check.png */,
				C74B7C2A171EBB7800E19FCD /* dollar_sign.gif */,
				C74B7C26171EB96D00E19FCD /* red_slider.png */,
				C74B7C27171EB96D00E19FCD /* blue_slider.png */,
				C73D7CC21718704B00C2A741 /* piggy.jpg */,
				C73D7CC4171870B200C2A741 /* dollar.jpg */,
			);
			name = Images;
			sourceTree = "<group>";
		};
		C766752D1727601900D4D528 /* ForSaving */ = {
			isa = PBXGroup;
			children = (
				C79DC0DD1727151E00EB5EFE /* ConfirmationSlideViewController.h */,
				C79DC0DE1727151E00EB5EFE /* ConfirmationSlideViewController.m */,
				C72CA99F171F0E2C00CE605A /* ValidateSlidingViewController.h */,
				C72CA9A0171F0E2C00CE605A /* ValidateSlidingViewController.m */,
				C74B7C23171EB1B000E19FCD /* ForSlidingViewController.h */,
				C74B7C24171EB1B000E19FCD /* ForSlidingViewController.m */,
			);
			name = ForSaving;
			sourceTree = "<group>";
		};
		C766752E1727602B00D4D528 /* ForSpending */ = {
			isa = PBXGroup;
			children = (
				C7667537172767D300D4D528 /* ForSpendingViewController.h */,
				C7667538172767D300D4D528 /* ForSpendingViewController.m */,
				C705AC29173AAA21000F92AB /* PaymentViewController.h */,
				C705AC2A173AAA21000F92AB /* PaymentViewController.m */,
			);
			name = ForSpending;
			sourceTree = "<group>";
		};
		C766753A17276CA100D4D528 /* ForFun */ = {
			isa = PBXGroup;
			children = (
				C73BD9181739C99F00D0D11F /* CircularDriveViewController.h */,
				C73BD9191739C99F00D0D11F /* CircularDriveViewController.m */,
				C7D46C13173440E500771934 /* ArcadeModeViewController.h */,
				C7D46C14173440E500771934 /* ArcadeModeViewController.m */,
				C7F7F46C1732E11500ED007E /* PiggyBankViewController.h */,
				C7F7F46D1732E11500ED007E /* PiggyBankViewController.m */,
				C766753B17276CB500D4D528 /* ForFunViewController.h */,
				C766753C17276CB500D4D528 /* ForFunViewController.m */,
			);
			name = ForFun;
			sourceTree = "<group>";
		};
/* End PBXGroup section */

/* Begin PBXNativeTarget section */
		C73D7C9B17186F8400C2A741 /* SpheroPlay */ = {
			isa = PBXNativeTarget;
			buildConfigurationList = C73D7CBF17186F8400C2A741 /* Build configuration list for PBXNativeTarget "SpheroPlay" */;
			buildPhases = (
				C73D7C9817186F8400C2A741 /* Sources */,
				C73D7C9917186F8400C2A741 /* Frameworks */,
				C73D7C9A17186F8400C2A741 /* Resources */,
			);
			buildRules = (
			);
			dependencies = (
			);
			name = SpheroPlay;
			productName = SpheroPlay;
			productReference = C73D7C9C17186F8400C2A741 /* SpheroPlay.app */;
			productType = "com.apple.product-type.application";
		};
/* End PBXNativeTarget section */

/* Begin PBXProject section */
		C73D7C9417186F8400C2A741 /* Project object */ = {
			isa = PBXProject;
			attributes = {
				CLASSPREFIX = SpheroPlay;
				LastUpgradeCheck = 0460;
				ORGANIZATIONNAME = RTB;
			};
			buildConfigurationList = C73D7C9717186F8400C2A741 /* Build configuration list for PBXProject "SpheroPlay" */;
			compatibilityVersion = "Xcode 3.2";
			developmentRegion = English;
			hasScannedForEncodings = 0;
			knownRegions = (
				en,
			);
			mainGroup = C73D7C9317186F8400C2A741;
			productRefGroup = C73D7C9D17186F8400C2A741 /* Products */;
			projectDirPath = "";
			projectRoot = "";
			targets = (
				C73D7C9B17186F8400C2A741 /* SpheroPlay */,
			);
		};
/* End PBXProject section */

/* Begin PBXResourcesBuildPhase section */
		C73D7C9A17186F8400C2A741 /* Resources */ = {
			isa = PBXResourcesBuildPhase;
			buildActionMask = 2147483647;
			files = (
				C73D7CAA17186F8400C2A741 /* InfoPlist.strings in Resources */,
				C73D7CB917186F8400C2A741 /* MainStoryboard.storyboard in Resources */,
				C73D7CC31718704B00C2A741 /* piggy.jpg in Resources */,
				C73D7CC5171870B200C2A741 /* dollar.jpg in Resources */,
				C7F7DDCF171DF01A00BD4A77 /* colors.txt in Resources */,
				C74B7C28171EB96D00E19FCD /* red_slider.png in Resources */,
				C74B7C29171EB96D00E19FCD /* blue_slider.png in Resources */,
				C74B7C2B171EBB7800E19FCD /* dollar_sign.gif in Resources */,
				C793AE73172709CA00B9AAED /* green_check.png in Resources */,
				C766752B17275FDD00D4D528 /* JoystickPuck.png in Resources */,
				C766752C17275FDD00D4D528 /* JoystickBG.png in Resources */,
				C7F332141727895600416759 /* RobotUIKit.bundle in Resources */,
				C7BF3D8F1728402000B49BA7 /* light_gray_bg.png in Resources */,
				C748E8311729ECD1003A370C /* CalibrateSphero.png in Resources */,
				C79F0E5417308FF9001168AF /* success.sphero in Resources */,
				C7F7F4691732DF3500ED007E /* fail.sphero in Resources */,
				C7F7F46B1732E0BC00ED007E /* coins.mp3 in Resources */,
				C7D46C181734458500771934 /* arcade_slot.png in Resources */,
				C7D46C191734458500771934 /* quarter.png in Resources */,
				C7D46C1B17344E7900771934 /* Flip.sphero in Resources */,
				C7D46C1D1734521500771934 /* spin.sphero in Resources */,
				C7847FDA17392E2500805C6A /* cloud_background.jpg in Resources */,
				C7847FDC17392F3100805C6A /* button_large.png in Resources */,
				C7847FDE17392F7000805C6A /* button_medium.png in Resources */,
				C7847FEB17392FA900805C6A /* dir_bottom.png in Resources */,
				C7847FEC17392FA900805C6A /* dir_bottomleft.png in Resources */,
				C7847FED17392FA900805C6A /* dir_bottomright.png in Resources */,
				C7847FEE17392FA900805C6A /* dir_center.png in Resources */,
				C7847FEF17392FA900805C6A /* dir_left.png in Resources */,
				C7847FF017392FA900805C6A /* dir_right.png in Resources */,
				C7847FF117392FA900805C6A /* dir_top.png in Resources */,
				C7847FF217392FA900805C6A /* dir_topleft.png in Resources */,
				C7847FF317392FA900805C6A /* dir_topright.png in Resources */,
				C7847FF417392FA900805C6A /* icon_fun.png in Resources */,
				C7847FF517392FA900805C6A /* icon_save.png in Resources */,
				C7847FF617392FA900805C6A /* icon_spend.png in Resources */,
				C7847FFA1739320800805C6A /* slider_indicator.png in Resources */,
				C7847FFC1739320800805C6A /* slider_right.png in Resources */,
				C7848002173936BE00805C6A /* left_arrow.png in Resources */,
				C7848003173936BE00805C6A /* logo.png in Resources */,
				C7848004173936BE00805C6A /* right_arrow.png in Resources */,
				C7848005173936BE00805C6A /* shake_left.png in Resources */,
				C7848006173936BE00805C6A /* shake_right.png in Resources */,
				C7097D82173963CE00F504D8 /* slider_left.png in Resources */,
				C7E83FEE173980010018850D /* button_small.png in Resources */,
				C7E83FF2173981370018850D /* textbox_full.png in Resources */,
				C7E83FF3173981370018850D /* textbox_half.png in Resources */,
				C7E83FF4173981370018850D /* textbox_third.png in Resources */,
				C705AC2F173AB4BB000F92AB /* Figure8.sphero in Resources */,
				C705AC30173AB4BB000F92AB /* rainbow.sphero in Resources */,
				C705AC31173AB4BB000F92AB /* Square.sphero in Resources */,
				C7ADEB24173AC5C0007D80DB /* splash_page.png in Resources */,
				C7ADEB26173AC5DA007D80DB /* Default-568h@2x.png in Resources */,
				C7ADEB2A173AC607007D80DB /* Default.png in Resources */,
				C7ADEB2B173AC60E007D80DB /* Default@2x.png in Resources */,
			);
			runOnlyForDeploymentPostprocessing = 0;
		};
/* End PBXResourcesBuildPhase section */

/* Begin PBXSourcesBuildPhase section */
		C73D7C9817186F8400C2A741 /* Sources */ = {
			isa = PBXSourcesBuildPhase;
			buildActionMask = 2147483647;
			files = (
				C73D7CAC17186F8400C2A741 /* main.m in Sources */,
				C73D7CB017186F8400C2A741 /* SpheroPlayAppDelegate.m in Sources */,
				C7D12CDA1719C5C800C9E920 /* HomeTableViewController.m in Sources */,
				C74B7C25171EB1B000E19FCD /* ForSlidingViewController.m in Sources */,
				C72CA9A1171F0E2C00CE605A /* ValidateSlidingViewController.m in Sources */,
				C79DC0DF1727151E00EB5EFE /* ConfirmationSlideViewController.m in Sources */,
				C76675361727625100D4D528 /* CircularUIView.m in Sources */,
				C7667539172767D300D4D528 /* ForSpendingViewController.m in Sources */,
				C766753D17276CB500D4D528 /* ForFunViewController.m in Sources */,
				C7F7F46E1732E11500ED007E /* PiggyBankViewController.m in Sources */,
				C7D46C15173440E500771934 /* ArcadeModeViewController.m in Sources */,
				C73BD91A1739C99F00D0D11F /* CircularDriveViewController.m in Sources */,
				C705AC2B173AAA21000F92AB /* PaymentViewController.m in Sources */,
			);
			runOnlyForDeploymentPostprocessing = 0;
		};
/* End PBXSourcesBuildPhase section */

/* Begin PBXVariantGroup section */
		C73D7CA817186F8400C2A741 /* InfoPlist.strings */ = {
			isa = PBXVariantGroup;
			children = (
				C73D7CA917186F8400C2A741 /* en */,
			);
			name = InfoPlist.strings;
			sourceTree = "<group>";
		};
		C73D7CB717186F8400C2A741 /* MainStoryboard.storyboard */ = {
			isa = PBXVariantGroup;
			children = (
				C73D7CB817186F8400C2A741 /* en */,
			);
			name = MainStoryboard.storyboard;
			sourceTree = "<group>";
		};
/* End PBXVariantGroup section */

/* Begin XCBuildConfiguration section */
		C73D7CBD17186F8400C2A741 /* Debug */ = {
			isa = XCBuildConfiguration;
			buildSettings = {
				ALWAYS_SEARCH_USER_PATHS = NO;
				CLANG_CXX_LANGUAGE_STANDARD = "gnu++0x";
				CLANG_CXX_LIBRARY = "libc++";
				CLANG_ENABLE_OBJC_ARC = YES;
				CLANG_WARN_CONSTANT_CONVERSION = YES;
				CLANG_WARN_EMPTY_BODY = YES;
				CLANG_WARN_ENUM_CONVERSION = YES;
				CLANG_WARN_INT_CONVERSION = YES;
				CLANG_WARN__DUPLICATE_METHOD_MATCH = YES;
				"CODE_SIGN_IDENTITY[sdk=iphoneos*]" = "iPhone Developer";
				COPY_PHASE_STRIP = NO;
				GCC_C_LANGUAGE_STANDARD = gnu99;
				GCC_DYNAMIC_NO_PIC = NO;
				GCC_OPTIMIZATION_LEVEL = 0;
				GCC_PREPROCESSOR_DEFINITIONS = (
					"DEBUG=1",
					"$(inherited)",
				);
				GCC_SYMBOLS_PRIVATE_EXTERN = NO;
				GCC_VERSION = "";
				GCC_WARN_ABOUT_RETURN_TYPE = YES;
				GCC_WARN_UNINITIALIZED_AUTOS = YES;
				GCC_WARN_UNUSED_VARIABLE = YES;
				IPHONEOS_DEPLOYMENT_TARGET = 6.1;
				ONLY_ACTIVE_ARCH = YES;
				SDKROOT = iphoneos;
			};
			name = Debug;
		};
		C73D7CBE17186F8400C2A741 /* Release */ = {
			isa = XCBuildConfiguration;
			buildSettings = {
				ALWAYS_SEARCH_USER_PATHS = NO;
				CLANG_CXX_LANGUAGE_STANDARD = "gnu++0x";
				CLANG_CXX_LIBRARY = "libc++";
				CLANG_ENABLE_OBJC_ARC = YES;
				CLANG_WARN_CONSTANT_CONVERSION = YES;
				CLANG_WARN_EMPTY_BODY = YES;
				CLANG_WARN_ENUM_CONVERSION = YES;
				CLANG_WARN_INT_CONVERSION = YES;
				CLANG_WARN__DUPLICATE_METHOD_MATCH = YES;
				"CODE_SIGN_IDENTITY[sdk=iphoneos*]" = "iPhone Developer";
				COPY_PHASE_STRIP = YES;
				GCC_C_LANGUAGE_STANDARD = gnu99;
				GCC_VERSION = "";
				GCC_WARN_ABOUT_RETURN_TYPE = YES;
				GCC_WARN_UNINITIALIZED_AUTOS = YES;
				GCC_WARN_UNUSED_VARIABLE = YES;
				IPHONEOS_DEPLOYMENT_TARGET = 6.1;
				OTHER_CFLAGS = "-DNS_BLOCK_ASSERTIONS=1";
				SDKROOT = iphoneos;
				VALIDATE_PRODUCT = YES;
			};
			name = Release;
		};
		C73D7CC017186F8400C2A741 /* Debug */ = {
			isa = XCBuildConfiguration;
			buildSettings = {
				FRAMEWORK_SEARCH_PATHS = (
					"$(inherited)",
					"\"$(SRCROOT)/../Sphero-iOS-SDK/frameworks\"",
				);
				GCC_PRECOMPILE_PREFIX_HEADER = YES;
				GCC_PREFIX_HEADER = "SpheroPlay/SpheroPlay-Prefix.pch";
				INFOPLIST_FILE = "SpheroPlay/SpheroPlay-Info.plist";
				OTHER_LDFLAGS = (
					"-ObjC",
					"-lstdc++",
					"-all_load",
					"-lsqlite3",
				);
				PRODUCT_NAME = "$(TARGET_NAME)";
				WRAPPER_EXTENSION = app;
			};
			name = Debug;
		};
		C73D7CC117186F8400C2A741 /* Release */ = {
			isa = XCBuildConfiguration;
			buildSettings = {
				FRAMEWORK_SEARCH_PATHS = (
					"$(inherited)",
					"\"$(SRCROOT)/../Sphero-iOS-SDK/frameworks\"",
				);
				GCC_PRECOMPILE_PREFIX_HEADER = YES;
				GCC_PREFIX_HEADER = "SpheroPlay/SpheroPlay-Prefix.pch";
				INFOPLIST_FILE = "SpheroPlay/SpheroPlay-Info.plist";
				OTHER_LDFLAGS = (
					"-ObjC",
					"-lstdc++",
					"-all_load",
					"-lsqlite3",
				);
				PRODUCT_NAME = "$(TARGET_NAME)";
				WRAPPER_EXTENSION = app;
			};
			name = Release;
		};
/* End XCBuildConfiguration section */

/* Begin XCConfigurationList section */
		C73D7C9717186F8400C2A741 /* Build configuration list for PBXProject "SpheroPlay" */ = {
			isa = XCConfigurationList;
			buildConfigurations = (
				C73D7CBD17186F8400C2A741 /* Debug */,
				C73D7CBE17186F8400C2A741 /* Release */,
			);
			defaultConfigurationIsVisible = 0;
			defaultConfigurationName = Release;
		};
		C73D7CBF17186F8400C2A741 /* Build configuration list for PBXNativeTarget "SpheroPlay" */ = {
			isa = XCConfigurationList;
			buildConfigurations = (
				C73D7CC017186F8400C2A741 /* Debug */,
				C73D7CC117186F8400C2A741 /* Release */,
			);
			defaultConfigurationIsVisible = 0;
			defaultConfigurationName = Release;
		};
/* End XCConfigurationList section */
	};
	rootObject = C73D7C9417186F8400C2A741 /* Project object */;
}
